// !$*UTF8*$!
{
	archiveVersion = 1;
	classes = {
	};
	objectVersion = 51;
	objects = {

/* Begin PBXBuildFile section */
		81F7DBAE23C6D60C0025C5FD /* TestClass.swift in Sources */ = {isa = PBXBuildFile; fileRef = 81F7DBAD23C6D60C0025C5FD /* TestClass.swift */; };
		81F7DBB023C822820025C5FD /* SceneDe.swift in Sources */ = {isa = PBXBuildFile; fileRef = 81F7DBAF23C822820025C5FD /* SceneDe.swift */; };
		8350FD8838654FA243BFF033 /* Pods_SwiftMediator.framework in Frameworks */ = {isa = PBXBuildFile; fileRef = 99C62ADDA2547DD89604651D /* Pods_SwiftMediator.framework */; };
		9191156E238E526C00503645 /* AppDelegate.swift in Sources */ = {isa = PBXBuildFile; fileRef = 9191156D238E526C00503645 /* AppDelegate.swift */; };
		91911570238E526C00503645 /* SceneDelegate.swift in Sources */ = {isa = PBXBuildFile; fileRef = 9191156F238E526C00503645 /* SceneDelegate.swift */; };
		91911572238E526C00503645 /* ViewController.swift in Sources */ = {isa = PBXBuildFile; fileRef = 91911571238E526C00503645 /* ViewController.swift */; };
		91911575238E526C00503645 /* Main.storyboard in Resources */ = {isa = PBXBuildFile; fileRef = 91911573238E526C00503645 /* Main.storyboard */; };
		91911577238E526F00503645 /* Assets.xcassets in Resources */ = {isa = PBXBuildFile; fileRef = 91911576238E526F00503645 /* Assets.xcassets */; };
		9191157A238E526F00503645 /* LaunchScreen.storyboard in Resources */ = {isa = PBXBuildFile; fileRef = 91911578238E526F00503645 /* LaunchScreen.storyboard */; };
		91911583238E52BC00503645 /* SwiftMediator.swift in Sources */ = {isa = PBXBuildFile; fileRef = 91911582238E52BC00503645 /* SwiftMediator.swift */; };
		E239CF8223989B2800745924 /* TestVC.swift in Sources */ = {isa = PBXBuildFile; fileRef = E239CF8123989B2800745924 /* TestVC.swift */; };
/* End PBXBuildFile section */

/* Begin PBXFileReference section */
		6C919F46FD9D933FC426A6F2 /* Pods-SwiftMediator.release.xcconfig */ = {isa = PBXFileReference; includeInIndex = 1; lastKnownFileType = text.xcconfig; name = "Pods-SwiftMediator.release.xcconfig"; path = "Target Support Files/Pods-SwiftMediator/Pods-SwiftMediator.release.xcconfig"; sourceTree = "<group>"; };
		81F7DBAD23C6D60C0025C5FD /* TestClass.swift */ = {isa = PBXFileReference; lastKnownFileType = sourcecode.swift; path = TestClass.swift; sourceTree = "<group>"; };
		81F7DBAF23C822820025C5FD /* SceneDe.swift */ = {isa = PBXFileReference; lastKnownFileType = sourcecode.swift; path = SceneDe.swift; sourceTree = "<group>"; };
		9191156A238E526C00503645 /* SwiftMediator.app */ = {isa = PBXFileReference; explicitFileType = wrapper.application; includeInIndex = 0; path = SwiftMediator.app; sourceTree = BUILT_PRODUCTS_DIR; };
		9191156D238E526C00503645 /* AppDelegate.swift */ = {isa = PBXFileReference; lastKnownFileType = sourcecode.swift; path = AppDelegate.swift; sourceTree = "<group>"; };
		9191156F238E526C00503645 /* SceneDelegate.swift */ = {isa = PBXFileReference; lastKnownFileType = sourcecode.swift; path = SceneDelegate.swift; sourceTree = "<group>"; };
		91911571238E526C00503645 /* ViewController.swift */ = {isa = PBXFileReference; lastKnownFileType = sourcecode.swift; path = ViewController.swift; sourceTree = "<group>"; };
		91911574238E526C00503645 /* Base */ = {isa = PBXFileReference; lastKnownFileType = file.storyboard; name = Base; path = Base.lproj/Main.storyboard; sourceTree = "<group>"; };
		91911576238E526F00503645 /* Assets.xcassets */ = {isa = PBXFileReference; lastKnownFileType = folder.assetcatalog; path = Assets.xcassets; sourceTree = "<group>"; };
		91911579238E526F00503645 /* Base */ = {isa = PBXFileReference; lastKnownFileType = file.storyboard; name = Base; path = Base.lproj/LaunchScreen.storyboard; sourceTree = "<group>"; };
		9191157B238E526F00503645 /* Info.plist */ = {isa = PBXFileReference; lastKnownFileType = text.plist.xml; path = Info.plist; sourceTree = "<group>"; };
		91911582238E52BC00503645 /* SwiftMediator.swift */ = {isa = PBXFileReference; lastKnownFileType = sourcecode.swift; path = SwiftMediator.swift; sourceTree = "<group>"; };
		99C62ADDA2547DD89604651D /* Pods_SwiftMediator.framework */ = {isa = PBXFileReference; explicitFileType = wrapper.framework; includeInIndex = 0; path = Pods_SwiftMediator.framework; sourceTree = BUILT_PRODUCTS_DIR; };
		E239CF8123989B2800745924 /* TestVC.swift */ = {isa = PBXFileReference; lastKnownFileType = sourcecode.swift; path = TestVC.swift; sourceTree = "<group>"; };
		FFD56C1FF839DD1FD453C775 /* Pods-SwiftMediator.debug.xcconfig */ = {isa = PBXFileReference; includeInIndex = 1; lastKnownFileType = text.xcconfig; name = "Pods-SwiftMediator.debug.xcconfig"; path = "Target Support Files/Pods-SwiftMediator/Pods-SwiftMediator.debug.xcconfig"; sourceTree = "<group>"; };
/* End PBXFileReference section */

/* Begin PBXFrameworksBuildPhase section */
		91911567238E526C00503645 /* Frameworks */ = {
			isa = PBXFrameworksBuildPhase;
			buildActionMask = 2147483647;
			files = (
				8350FD8838654FA243BFF033 /* Pods_SwiftMediator.framework in Frameworks */,
			);
			runOnlyForDeploymentPostprocessing = 0;
		};
/* End PBXFrameworksBuildPhase section */

/* Begin PBXGroup section */
		475EC51265997B865FFC92AF /* Frameworks */ = {
			isa = PBXGroup;
			children = (
				99C62ADDA2547DD89604651D /* Pods_SwiftMediator.framework */,
			);
			name = Frameworks;
			sourceTree = "<group>";
		};
		532612E215DD55A8A3AA246D /* Pods */ = {
			isa = PBXGroup;
			children = (
				FFD56C1FF839DD1FD453C775 /* Pods-SwiftMediator.debug.xcconfig */,
				6C919F46FD9D933FC426A6F2 /* Pods-SwiftMediator.release.xcconfig */,
			);
			path = Pods;
			sourceTree = "<group>";
		};
		91911561238E526C00503645 = {
			isa = PBXGroup;
			children = (
				9191156C238E526C00503645 /* SwiftMediator */,
				9191156B238E526C00503645 /* Products */,
				532612E215DD55A8A3AA246D /* Pods */,
				475EC51265997B865FFC92AF /* Frameworks */,
			);
			sourceTree = "<group>";
		};
		9191156B238E526C00503645 /* Products */ = {
			isa = PBXGroup;
			children = (
				9191156A238E526C00503645 /* SwiftMediator.app */,
			);
			name = Products;
			sourceTree = "<group>";
		};
		9191156C238E526C00503645 /* SwiftMediator */ = {
			isa = PBXGroup;
			children = (
				91911581238E52A000503645 /* Class */,
				9191156D238E526C00503645 /* AppDelegate.swift */,
				9191156F238E526C00503645 /* SceneDelegate.swift */,
				91911571238E526C00503645 /* ViewController.swift */,
				81F7DBAF23C822820025C5FD /* SceneDe.swift */,
				E239CF8123989B2800745924 /* TestVC.swift */,
				81F7DBAD23C6D60C0025C5FD /* TestClass.swift */,
				91911573238E526C00503645 /* Main.storyboard */,
				91911576238E526F00503645 /* Assets.xcassets */,
				91911578238E526F00503645 /* LaunchScreen.storyboard */,
				9191157B238E526F00503645 /* Info.plist */,
			);
			path = SwiftMediator;
			sourceTree = "<group>";
		};
		91911581238E52A000503645 /* Class */ = {
			isa = PBXGroup;
			children = (
				91911582238E52BC00503645 /* SwiftMediator.swift */,
			);
			path = Class;
			sourceTree = "<group>";
		};
/* End PBXGroup section */

/* Begin PBXNativeTarget section */
		91911569238E526C00503645 /* SwiftMediator */ = {
			isa = PBXNativeTarget;
			buildConfigurationList = 9191157E238E526F00503645 /* Build configuration list for PBXNativeTarget "SwiftMediator" */;
			buildPhases = (
				12B4F0206F38EAD20978EB36 /* [CP] Check Pods Manifest.lock */,
				91911566238E526C00503645 /* Sources */,
				91911567238E526C00503645 /* Frameworks */,
				91911568238E526C00503645 /* Resources */,
				D74C3B791A7D0BE01C2E1380 /* [CP] Embed Pods Frameworks */,
			);
			buildRules = (
			);
			dependencies = (
			);
			name = SwiftMediator;
			productName = SwiftMediator;
			productReference = 9191156A238E526C00503645 /* SwiftMediator.app */;
			productType = "com.apple.product-type.application";
		};
/* End PBXNativeTarget section */

/* Begin PBXProject section */
		91911562238E526C00503645 /* Project object */ = {
			isa = PBXProject;
			attributes = {
				LastSwiftUpdateCheck = 1120;
				LastUpgradeCheck = 1120;
				ORGANIZATIONNAME = "狄烨 .";
				TargetAttributes = {
					91911569238E526C00503645 = {
						CreatedOnToolsVersion = 11.2.1;
					};
				};
			};
			buildConfigurationList = 91911565238E526C00503645 /* Build configuration list for PBXProject "SwiftMediator" */;
			compatibilityVersion = "Xcode 9.3";
			developmentRegion = en;
			hasScannedForEncodings = 0;
			knownRegions = (
				en,
				Base,
			);
			mainGroup = 91911561238E526C00503645;
			productRefGroup = 9191156B238E526C00503645 /* Products */;
			projectDirPath = "";
			projectRoot = "";
			targets = (
				91911569238E526C00503645 /* SwiftMediator */,
			);
		};
/* End PBXProject section */

/* Begin PBXResourcesBuildPhase section */
		91911568238E526C00503645 /* Resources */ = {
			isa = PBXResourcesBuildPhase;
			buildActionMask = 2147483647;
			files = (
				9191157A238E526F00503645 /* LaunchScreen.storyboard in Resources */,
				91911577238E526F00503645 /* Assets.xcassets in Resources */,
				91911575238E526C00503645 /* Main.storyboard in Resources */,
			);
			runOnlyForDeploymentPostprocessing = 0;
		};
/* End PBXResourcesBuildPhase section */

/* Begin PBXShellScriptBuildPhase section */
		12B4F0206F38EAD20978EB36 /* [CP] Check Pods Manifest.lock */ = {
			isa = PBXShellScriptBuildPhase;
			buildActionMask = 2147483647;
			files = (
			);
			inputFileListPaths = (
			);
			inputPaths = (
				"${PODS_PODFILE_DIR_PATH}/Podfile.lock",
				"${PODS_ROOT}/Manifest.lock",
			);
			name = "[CP] Check Pods Manifest.lock";
			outputFileListPaths = (
			);
			outputPaths = (
				"$(DERIVED_FILE_DIR)/Pods-SwiftMediator-checkManifestLockResult.txt",
			);
			runOnlyForDeploymentPostprocessing = 0;
			shellPath = /bin/sh;
			shellScript = "diff \"${PODS_PODFILE_DIR_PATH}/Podfile.lock\" \"${PODS_ROOT}/Manifest.lock\" > /dev/null\nif [ $? != 0 ] ; then\n    # print error to STDERR\n    echo \"error: The sandbox is not in sync with the Podfile.lock. Run 'pod install' or update your CocoaPods installation.\" >&2\n    exit 1\nfi\n# This output is used by Xcode 'outputs' to avoid re-running this script phase.\necho \"SUCCESS\" > \"${SCRIPT_OUTPUT_FILE_0}\"\n";
			showEnvVarsInLog = 0;
		};
		D74C3B791A7D0BE01C2E1380 /* [CP] Embed Pods Frameworks */ = {
			isa = PBXShellScriptBuildPhase;
			buildActionMask = 2147483647;
			files = (
			);
			inputFileListPaths = (
				"${PODS_ROOT}/Target Support Files/Pods-SwiftMediator/Pods-SwiftMediator-frameworks-${CONFIGURATION}-input-files.xcfilelist",
			);
			name = "[CP] Embed Pods Frameworks";
			outputFileListPaths = (
				"${PODS_ROOT}/Target Support Files/Pods-SwiftMediator/Pods-SwiftMediator-frameworks-${CONFIGURATION}-output-files.xcfilelist",
			);
			runOnlyForDeploymentPostprocessing = 0;
			shellPath = /bin/sh;
			shellScript = "\"${PODS_ROOT}/Target Support Files/Pods-SwiftMediator/Pods-SwiftMediator-frameworks.sh\"\n";
			showEnvVarsInLog = 0;
		};
/* End PBXShellScriptBuildPhase section */

/* Begin PBXSourcesBuildPhase section */
		91911566238E526C00503645 /* Sources */ = {
			isa = PBXSourcesBuildPhase;
			buildActionMask = 2147483647;
			files = (
				E239CF8223989B2800745924 /* TestVC.swift in Sources */,
				91911583238E52BC00503645 /* SwiftMediator.swift in Sources */,
				91911572238E526C00503645 /* ViewController.swift in Sources */,
				81F7DBB023C822820025C5FD /* SceneDe.swift in Sources */,
				9191156E238E526C00503645 /* AppDelegate.swift in Sources */,
				81F7DBAE23C6D60C0025C5FD /* TestClass.swift in Sources */,
				91911570238E526C00503645 /* SceneDelegate.swift in Sources */,
			);
			runOnlyForDeploymentPostprocessing = 0;
		};
/* End PBXSourcesBuildPhase section */

/* Begin PBXVariantGroup section */
		91911573238E526C00503645 /* Main.storyboard */ = {
			isa = PBXVariantGroup;
			children = (
				91911574238E526C00503645 /* Base */,
			);
			name = Main.storyboard;
			sourceTree = "<group>";
		};
		91911578238E526F00503645 /* LaunchScreen.storyboard */ = {
			isa = PBXVariantGroup;
			children = (
				91911579238E526F00503645 /* Base */,
			);
			name = LaunchScreen.storyboard;
			sourceTree = "<group>";
		};
/* End PBXVariantGroup section */

/* Begin XCBuildConfiguration section */
		9191157C238E526F00503645 /* Debug */ = {
			isa = XCBuildConfiguration;
			buildSettings = {
				ALWAYS_SEARCH_USER_PATHS = NO;
				CLANG_ANALYZER_NONNULL = YES;
				CLANG_ANALYZER_NUMBER_OBJECT_CONVERSION = YES_AGGRESSIVE;
				CLANG_CXX_LANGUAGE_STANDARD = "gnu++14";
				CLANG_CXX_LIBRARY = "libc++";
				CLANG_ENABLE_MODULES = YES;
				CLANG_ENABLE_OBJC_ARC = YES;
				CLANG_ENABLE_OBJC_WEAK = YES;
				CLANG_WARN_BLOCK_CAPTURE_AUTORELEASING = YES;
				CLANG_WARN_BOOL_CONVERSION = YES;
				CLANG_WARN_COMMA = YES;
				CLANG_WARN_CONSTANT_CONVERSION = YES;
				CLANG_WARN_DEPRECATED_OBJC_IMPLEMENTATIONS = YES;
				CLANG_WARN_DIRECT_OBJC_ISA_USAGE = YES_ERROR;
				CLANG_WARN_DOCUMENTATION_COMMENTS = YES;
				CLANG_WARN_EMPTY_BODY = YES;
				CLANG_WARN_ENUM_CONVERSION = YES;
				CLANG_WARN_INFINITE_RECURSION = YES;
				CLANG_WARN_INT_CONVERSION = YES;
				CLANG_WARN_NON_LITERAL_NULL_CONVERSION = YES;
				CLANG_WARN_OBJC_IMPLICIT_RETAIN_SELF = YES;
				CLANG_WARN_OBJC_LITERAL_CONVERSION = YES;
				CLANG_WARN_OBJC_ROOT_CLASS = YES_ERROR;
				CLANG_WARN_RANGE_LOOP_ANALYSIS = YES;
				CLANG_WARN_STRICT_PROTOTYPES = YES;
				CLANG_WARN_SUSPICIOUS_MOVE = YES;
				CLANG_WARN_UNGUARDED_AVAILABILITY = YES_AGGRESSIVE;
				CLANG_WARN_UNREACHABLE_CODE = YES;
				CLANG_WARN__DUPLICATE_METHOD_MATCH = YES;
				COPY_PHASE_STRIP = NO;
				DEBUG_INFORMATION_FORMAT = dwarf;
				ENABLE_STRICT_OBJC_MSGSEND = YES;
				ENABLE_TESTABILITY = YES;
				GCC_C_LANGUAGE_STANDARD = gnu11;
				GCC_DYNAMIC_NO_PIC = NO;
				GCC_NO_COMMON_BLOCKS = YES;
				GCC_OPTIMIZATION_LEVEL = 0;
				GCC_PREPROCESSOR_DEFINITIONS = (
					"DEBUG=1",
					"$(inherited)",
				);
				GCC_WARN_64_TO_32_BIT_CONVERSION = YES;
				GCC_WARN_ABOUT_RETURN_TYPE = YES_ERROR;
				GCC_WARN_UNDECLARED_SELECTOR = YES;
				GCC_WARN_UNINITIALIZED_AUTOS = YES_AGGRESSIVE;
				GCC_WARN_UNUSED_FUNCTION = YES;
				GCC_WARN_UNUSED_VARIABLE = YES;
				IPHONEOS_DEPLOYMENT_TARGET = 13.2;
				MTL_ENABLE_DEBUG_INFO = INCLUDE_SOURCE;
				MTL_FAST_MATH = YES;
				ONLY_ACTIVE_ARCH = YES;
				SDKROOT = iphoneos;
				SWIFT_ACTIVE_COMPILATION_CONDITIONS = DEBUG;
				SWIFT_OPTIMIZATION_LEVEL = "-Onone";
			};
			name = Debug;
		};
		9191157D238E526F00503645 /* Release */ = {
			isa = XCBuildConfiguration;
			buildSettings = {
				ALWAYS_SEARCH_USER_PATHS = NO;
				CLANG_ANALYZER_NONNULL = YES;
				CLANG_ANALYZER_NUMBER_OBJECT_CONVERSION = YES_AGGRESSIVE;
				CLANG_CXX_LANGUAGE_STANDARD = "gnu++14";
				CLANG_CXX_LIBRARY = "libc++";
				CLANG_ENABLE_MODULES = YES;
				CLANG_ENABLE_OBJC_ARC = YES;
				CLANG_ENABLE_OBJC_WEAK = YES;
				CLANG_WARN_BLOCK_CAPTURE_AUTORELEASING = YES;
				CLANG_WARN_BOOL_CONVERSION = YES;
				CLANG_WARN_COMMA = YES;
				CLANG_WARN_CONSTANT_CONVERSION = YES;
				CLANG_WARN_DEPRECATED_OBJC_IMPLEMENTATIONS = YES;
				CLANG_WARN_DIRECT_OBJC_ISA_USAGE = YES_ERROR;
				CLANG_WARN_DOCUMENTATION_COMMENTS = YES;
				CLANG_WARN_EMPTY_BODY = YES;
				CLANG_WARN_ENUM_CONVERSION = YES;
				CLANG_WARN_INFINITE_RECURSION = YES;
				CLANG_WARN_INT_CONVERSION = YES;
				CLANG_WARN_NON_LITERAL_NULL_CONVERSION = YES;
				CLANG_WARN_OBJC_IMPLICIT_RETAIN_SELF = YES;
				CLANG_WARN_OBJC_LITERAL_CONVERSION = YES;
				CLANG_WARN_OBJC_ROOT_CLASS = YES_ERROR;
				CLANG_WARN_RANGE_LOOP_ANALYSIS = YES;
				CLANG_WARN_STRICT_PROTOTYPES = YES;
				CLANG_WARN_SUSPICIOUS_MOVE = YES;
				CLANG_WARN_UNGUARDED_AVAILABILITY = YES_AGGRESSIVE;
				CLANG_WARN_UNREACHABLE_CODE = YES;
				CLANG_WARN__DUPLICATE_METHOD_MATCH = YES;
				COPY_PHASE_STRIP = NO;
				DEBUG_INFORMATION_FORMAT = "dwarf-with-dsym";
				ENABLE_NS_ASSERTIONS = NO;
				ENABLE_STRICT_OBJC_MSGSEND = YES;
				GCC_C_LANGUAGE_STANDARD = gnu11;
				GCC_NO_COMMON_BLOCKS = YES;
				GCC_WARN_64_TO_32_BIT_CONVERSION = YES;
				GCC_WARN_ABOUT_RETURN_TYPE = YES_ERROR;
				GCC_WARN_UNDECLARED_SELECTOR = YES;
				GCC_WARN_UNINITIALIZED_AUTOS = YES_AGGRESSIVE;
				GCC_WARN_UNUSED_FUNCTION = YES;
				GCC_WARN_UNUSED_VARIABLE = YES;
				IPHONEOS_DEPLOYMENT_TARGET = 13.2;
				MTL_ENABLE_DEBUG_INFO = NO;
				MTL_FAST_MATH = YES;
				SDKROOT = iphoneos;
				SWIFT_COMPILATION_MODE = wholemodule;
				SWIFT_OPTIMIZATION_LEVEL = "-O";
				VALIDATE_PRODUCT = YES;
			};
			name = Release;
		};
		9191157F238E526F00503645 /* Debug */ = {
			isa = XCBuildConfiguration;
			baseConfigurationReference = FFD56C1FF839DD1FD453C775 /* Pods-SwiftMediator.debug.xcconfig */;
			buildSettings = {
				ASSETCATALOG_COMPILER_APPICON_NAME = AppIcon;
				CODE_SIGN_STYLE = Automatic;
				DEVELOPMENT_TEAM = 226YH5AK6L;
				INFOPLIST_FILE = SwiftMediator/Info.plist;
				IPHONEOS_DEPLOYMENT_TARGET = 11.0;
				LD_RUNPATH_SEARCH_PATHS = (
					"$(inherited)",
					"@executable_path/Frameworks",
				);
				PRODUCT_BUNDLE_IDENTIFIER = com.hu.SwiftMediator;
				PRODUCT_NAME = "$(TARGET_NAME)";
				SWIFT_VERSION = 5.0;
				TARGETED_DEVICE_FAMILY = "1,2";
			};
			name = Debug;
		};
		91911580238E526F00503645 /* Release */ = {
			isa = XCBuildConfiguration;
			baseConfigurationReference = 6C919F46FD9D933FC426A6F2 /* Pods-SwiftMediator.release.xcconfig */;
			buildSettings = {
				ASSETCATALOG_COMPILER_APPICON_NAME = AppIcon;
				CODE_SIGN_STYLE = Automatic;
				DEVELOPMENT_TEAM = 226YH5AK6L;
				INFOPLIST_FILE = SwiftMediator/Info.plist;
				IPHONEOS_DEPLOYMENT_TARGET = 11.0;
				LD_RUNPATH_SEARCH_PATHS = (
					"$(inherited)",
					"@executable_path/Frameworks",
				);
				PRODUCT_BUNDLE_IDENTIFIER = com.hu.SwiftMediator;
				PRODUCT_NAME = "$(TARGET_NAME)";
				SWIFT_VERSION = 5.0;
				TARGETED_DEVICE_FAMILY = "1,2";
			};
			name = Release;
		};
/* End XCBuildConfiguration section */

/* Begin XCConfigurationList section */
		91911565238E526C00503645 /* Build configuration list for PBXProject "SwiftMediator" */ = {
			isa = XCConfigurationList;
			buildConfigurations = (
				9191157C238E526F00503645 /* Debug */,
				9191157D238E526F00503645 /* Release */,
			);
			defaultConfigurationIsVisible = 0;
			defaultConfigurationName = Release;
		};
		9191157E238E526F00503645 /* Build configuration list for PBXNativeTarget "SwiftMediator" */ = {
			isa = XCConfigurationList;
			buildConfigurations = (
				9191157F238E526F00503645 /* Debug */,
				91911580238E526F00503645 /* Release */,
			);
			defaultConfigurationIsVisible = 0;
			defaultConfigurationName = Release;
		};
/* End XCConfigurationList section */
	};
	rootObject = 91911562238E526C00503645 /* Project object */;
}
