// !$*UTF8*$!
{
	archiveVersion = 1;
	classes = {
	};
	objectVersion = 52;
	objects = {

/* Begin PBXBuildFile section */
		8116A40C2499B5EC00DACECC /* TestObjc.swift in Sources */ = {isa = PBXBuildFile; fileRef = 8116A40B2499B5EC00DACECC /* TestObjc.swift */; };
		815E1C8B273B7FDC009E81CF /* SnapKit in Frameworks */ = {isa = PBXBuildFile; productRef = 815E1C8A273B7FDC009E81CF /* SnapKit */; };
		815E1C8E273B8007009E81CF /* SwiftyForm in Frameworks */ = {isa = PBXBuildFile; productRef = 815E1C8D273B8007009E81CF /* SwiftyForm */; };
		815E1C91273B8027009E81CF /* SwiftBrick in Frameworks */ = {isa = PBXBuildFile; productRef = 815E1C90273B8027009E81CF /* SwiftBrick */; };
		815E1C94273B8048009E81CF /* SwiftButton in Frameworks */ = {isa = PBXBuildFile; productRef = 815E1C93273B8048009E81CF /* SwiftButton */; };
		815E1C97273B80DC009E81CF /* SwiftShow in Frameworks */ = {isa = PBXBuildFile; productRef = 815E1C96273B80DC009E81CF /* SwiftShow */; };
		816953742A0A4DC400A4BF9B /* AppDelegateMediator.swift in Sources */ = {isa = PBXBuildFile; fileRef = 816953732A0A4DC400A4BF9B /* AppDelegateMediator.swift */; };
		816953762A0A4DC900A4BF9B /* SceneDelegateMediator.swift in Sources */ = {isa = PBXBuildFile; fileRef = 816953752A0A4DC900A4BF9B /* SceneDelegateMediator.swift */; };
		81BDE34A2546BE1E00F8130D /* SwiftMediator.swift in Sources */ = {isa = PBXBuildFile; fileRef = 81BDE3492546BE1E00F8130D /* SwiftMediator.swift */; };
		81F7DBAE23C6D60C0025C5FD /* TestClass.swift in Sources */ = {isa = PBXBuildFile; fileRef = 81F7DBAD23C6D60C0025C5FD /* TestClass.swift */; };
		81F7DBB023C822820025C5FD /* DelegateMediator.swift in Sources */ = {isa = PBXBuildFile; fileRef = 81F7DBAF23C822820025C5FD /* DelegateMediator.swift */; };
		9191156E238E526C00503645 /* AppDelegate.swift in Sources */ = {isa = PBXBuildFile; fileRef = 9191156D238E526C00503645 /* AppDelegate.swift */; };
		91911570238E526C00503645 /* SceneDelegate.swift in Sources */ = {isa = PBXBuildFile; fileRef = 9191156F238E526C00503645 /* SceneDelegate.swift */; };
		91911572238E526C00503645 /* ViewController.swift in Sources */ = {isa = PBXBuildFile; fileRef = 91911571238E526C00503645 /* ViewController.swift */; };
		91911575238E526C00503645 /* Main.storyboard in Resources */ = {isa = PBXBuildFile; fileRef = 91911573238E526C00503645 /* Main.storyboard */; };
		91911577238E526F00503645 /* Assets.xcassets in Resources */ = {isa = PBXBuildFile; fileRef = 91911576238E526F00503645 /* Assets.xcassets */; };
		9191157A238E526F00503645 /* LaunchScreen.storyboard in Resources */ = {isa = PBXBuildFile; fileRef = 91911578238E526F00503645 /* LaunchScreen.storyboard */; };
		E239CF8223989B2800745924 /* TestVC.swift in Sources */ = {isa = PBXBuildFile; fileRef = E239CF8123989B2800745924 /* TestVC.swift */; };
/* End PBXBuildFile section */

/* Begin PBXFileReference section */
		8116A40B2499B5EC00DACECC /* TestObjc.swift */ = {isa = PBXFileReference; lastKnownFileType = sourcecode.swift; path = TestObjc.swift; sourceTree = "<group>"; };
		816953732A0A4DC400A4BF9B /* AppDelegateMediator.swift */ = {isa = PBXFileReference; fileEncoding = 4; lastKnownFileType = sourcecode.swift; path = AppDelegateMediator.swift; sourceTree = "<group>"; };
		816953752A0A4DC900A4BF9B /* SceneDelegateMediator.swift */ = {isa = PBXFileReference; fileEncoding = 4; lastKnownFileType = sourcecode.swift; path = SceneDelegateMediator.swift; sourceTree = "<group>"; };
		81BDE3492546BE1E00F8130D /* SwiftMediator.swift */ = {isa = PBXFileReference; fileEncoding = 4; lastKnownFileType = sourcecode.swift; path = SwiftMediator.swift; sourceTree = "<group>"; };
		81F7DBAD23C6D60C0025C5FD /* TestClass.swift */ = {isa = PBXFileReference; lastKnownFileType = sourcecode.swift; path = TestClass.swift; sourceTree = "<group>"; };
		81F7DBAF23C822820025C5FD /* DelegateMediator.swift */ = {isa = PBXFileReference; lastKnownFileType = sourcecode.swift; path = DelegateMediator.swift; sourceTree = "<group>"; };
		9191156A238E526C00503645 /* SwiftMediator.app */ = {isa = PBXFileReference; explicitFileType = wrapper.application; includeInIndex = 0; path = SwiftMediator.app; sourceTree = BUILT_PRODUCTS_DIR; };
		9191156D238E526C00503645 /* AppDelegate.swift */ = {isa = PBXFileReference; lastKnownFileType = sourcecode.swift; path = AppDelegate.swift; sourceTree = "<group>"; };
		9191156F238E526C00503645 /* SceneDelegate.swift */ = {isa = PBXFileReference; lastKnownFileType = sourcecode.swift; path = SceneDelegate.swift; sourceTree = "<group>"; };
		91911571238E526C00503645 /* ViewController.swift */ = {isa = PBXFileReference; lastKnownFileType = sourcecode.swift; path = ViewController.swift; sourceTree = "<group>"; };
		91911574238E526C00503645 /* Base */ = {isa = PBXFileReference; lastKnownFileType = file.storyboard; name = Base; path = Base.lproj/Main.storyboard; sourceTree = "<group>"; };
		91911576238E526F00503645 /* Assets.xcassets */ = {isa = PBXFileReference; lastKnownFileType = folder.assetcatalog; path = Assets.xcassets; sourceTree = "<group>"; };
		91911579238E526F00503645 /* Base */ = {isa = PBXFileReference; lastKnownFileType = file.storyboard; name = Base; path = Base.lproj/LaunchScreen.storyboard; sourceTree = "<group>"; };
		9191157B238E526F00503645 /* Info.plist */ = {isa = PBXFileReference; lastKnownFileType = text.plist.xml; path = Info.plist; sourceTree = "<group>"; };
		E239CF8123989B2800745924 /* TestVC.swift */ = {isa = PBXFileReference; lastKnownFileType = sourcecode.swift; path = TestVC.swift; sourceTree = "<group>"; };
/* End PBXFileReference section */

/* Begin PBXFrameworksBuildPhase section */
		91911567238E526C00503645 /* Frameworks */ = {
			isa = PBXFrameworksBuildPhase;
			buildActionMask = 2147483647;
			files = (
				815E1C8B273B7FDC009E81CF /* SnapKit in Frameworks */,
				815E1C91273B8027009E81CF /* SwiftBrick in Frameworks */,
				815E1C8E273B8007009E81CF /* SwiftyForm in Frameworks */,
				815E1C94273B8048009E81CF /* SwiftButton in Frameworks */,
				815E1C97273B80DC009E81CF /* SwiftShow in Frameworks */,
			);
			runOnlyForDeploymentPostprocessing = 0;
		};
/* End PBXFrameworksBuildPhase section */

/* Begin PBXGroup section */
		81BDE3482546BE1E00F8130D /* SwiftMediator */ = {
			isa = PBXGroup;
			children = (
				81BDE3492546BE1E00F8130D /* SwiftMediator.swift */,
				816953732A0A4DC400A4BF9B /* AppDelegateMediator.swift */,
				816953752A0A4DC900A4BF9B /* SceneDelegateMediator.swift */,
			);
			name = SwiftMediator;
			path = ../../Sources/SwiftMediator;
			sourceTree = "<group>";
		};
		91911561238E526C00503645 = {
			isa = PBXGroup;
			children = (
				9191156C238E526C00503645 /* SwiftMediator */,
				9191156B238E526C00503645 /* Products */,
			);
			sourceTree = "<group>";
		};
		9191156B238E526C00503645 /* Products */ = {
			isa = PBXGroup;
			children = (
				9191156A238E526C00503645 /* SwiftMediator.app */,
			);
			name = Products;
			sourceTree = "<group>";
		};
		9191156C238E526C00503645 /* SwiftMediator */ = {
			isa = PBXGroup;
			children = (
				81BDE3482546BE1E00F8130D /* SwiftMediator */,
				9191156D238E526C00503645 /* AppDelegate.swift */,
				9191156F238E526C00503645 /* SceneDelegate.swift */,
				91911571238E526C00503645 /* ViewController.swift */,
				81F7DBAF23C822820025C5FD /* DelegateMediator.swift */,
				E239CF8123989B2800745924 /* TestVC.swift */,
				81F7DBAD23C6D60C0025C5FD /* TestClass.swift */,
				8116A40B2499B5EC00DACECC /* TestObjc.swift */,
				91911573238E526C00503645 /* Main.storyboard */,
				91911576238E526F00503645 /* Assets.xcassets */,
				91911578238E526F00503645 /* LaunchScreen.storyboard */,
				9191157B238E526F00503645 /* Info.plist */,
			);
			path = SwiftMediator;
			sourceTree = "<group>";
		};
/* End PBXGroup section */

/* Begin PBXNativeTarget section */
		91911569238E526C00503645 /* SwiftMediator */ = {
			isa = PBXNativeTarget;
			buildConfigurationList = 9191157E238E526F00503645 /* Build configuration list for PBXNativeTarget "SwiftMediator" */;
			buildPhases = (
				91911566238E526C00503645 /* Sources */,
				91911567238E526C00503645 /* Frameworks */,
				91911568238E526C00503645 /* Resources */,
			);
			buildRules = (
			);
			dependencies = (
			);
			name = SwiftMediator;
			packageProductDependencies = (
				815E1C8A273B7FDC009E81CF /* SnapKit */,
				815E1C8D273B8007009E81CF /* SwiftyForm */,
				815E1C90273B8027009E81CF /* SwiftBrick */,
				815E1C93273B8048009E81CF /* SwiftButton */,
				815E1C96273B80DC009E81CF /* SwiftShow */,
			);
			productName = SwiftMediator;
			productReference = 9191156A238E526C00503645 /* SwiftMediator.app */;
			productType = "com.apple.product-type.application";
		};
/* End PBXNativeTarget section */

/* Begin PBXProject section */
		91911562238E526C00503645 /* Project object */ = {
			isa = PBXProject;
			attributes = {
				LastSwiftUpdateCheck = 1120;
				LastUpgradeCheck = 1120;
				ORGANIZATIONNAME = "狄烨 .";
				TargetAttributes = {
					91911569238E526C00503645 = {
						CreatedOnToolsVersion = 11.2.1;
					};
				};
			};
			buildConfigurationList = 91911565238E526C00503645 /* Build configuration list for PBXProject "SwiftMediator" */;
			compatibilityVersion = "Xcode 9.3";
			developmentRegion = en;
			hasScannedForEncodings = 0;
			knownRegions = (
				en,
				Base,
			);
			mainGroup = 91911561238E526C00503645;
			packageReferences = (
				815E1C89273B7FDC009E81CF /* XCRemoteSwiftPackageReference "SnapKit" */,
				815E1C8C273B8007009E81CF /* XCRemoteSwiftPackageReference "SwiftyForm" */,
				815E1C8F273B8027009E81CF /* XCRemoteSwiftPackageReference "SwiftBrick" */,
				815E1C92273B8048009E81CF /* XCRemoteSwiftPackageReference "SwiftButton" */,
				815E1C95273B80DC009E81CF /* XCRemoteSwiftPackageReference "SwiftShow" */,
			);
			productRefGroup = 9191156B238E526C00503645 /* Products */;
			projectDirPath = "";
			projectRoot = "";
			targets = (
				91911569238E526C00503645 /* SwiftMediator */,
			);
		};
/* End PBXProject section */

/* Begin PBXResourcesBuildPhase section */
		91911568238E526C00503645 /* Resources */ = {
			isa = PBXResourcesBuildPhase;
			buildActionMask = 2147483647;
			files = (
				9191157A238E526F00503645 /* LaunchScreen.storyboard in Resources */,
				91911577238E526F00503645 /* Assets.xcassets in Resources */,
				91911575238E526C00503645 /* Main.storyboard in Resources */,
			);
			runOnlyForDeploymentPostprocessing = 0;
		};
/* End PBXResourcesBuildPhase section */

/* Begin PBXSourcesBuildPhase section */
		91911566238E526C00503645 /* Sources */ = {
			isa = PBXSourcesBuildPhase;
			buildActionMask = 2147483647;
			files = (
				816953742A0A4DC400A4BF9B /* AppDelegateMediator.swift in Sources */,
				81BDE34A2546BE1E00F8130D /* SwiftMediator.swift in Sources */,
				E239CF8223989B2800745924 /* TestVC.swift in Sources */,
				91911572238E526C00503645 /* ViewController.swift in Sources */,
				81F7DBB023C822820025C5FD /* DelegateMediator.swift in Sources */,
				9191156E238E526C00503645 /* AppDelegate.swift in Sources */,
				81F7DBAE23C6D60C0025C5FD /* TestClass.swift in Sources */,
				91911570238E526C00503645 /* SceneDelegate.swift in Sources */,
				816953762A0A4DC900A4BF9B /* SceneDelegateMediator.swift in Sources */,
				8116A40C2499B5EC00DACECC /* TestObjc.swift in Sources */,
			);
			runOnlyForDeploymentPostprocessing = 0;
		};
/* End PBXSourcesBuildPhase section */

/* Begin PBXVariantGroup section */
		91911573238E526C00503645 /* Main.storyboard */ = {
			isa = PBXVariantGroup;
			children = (
				91911574238E526C00503645 /* Base */,
			);
			name = Main.storyboard;
			sourceTree = "<group>";
		};
		91911578238E526F00503645 /* LaunchScreen.storyboard */ = {
			isa = PBXVariantGroup;
			children = (
				91911579238E526F00503645 /* Base */,
			);
			name = LaunchScreen.storyboard;
			sourceTree = "<group>";
		};
/* End PBXVariantGroup section */

/* Begin XCBuildConfiguration section */
		9191157C238E526F00503645 /* Debug */ = {
			isa = XCBuildConfiguration;
			buildSettings = {
				ALWAYS_SEARCH_USER_PATHS = NO;
				CLANG_ANALYZER_NONNULL = YES;
				CLANG_ANALYZER_NUMBER_OBJECT_CONVERSION = YES_AGGRESSIVE;
				CLANG_CXX_LANGUAGE_STANDARD = "gnu++14";
				CLANG_CXX_LIBRARY = "libc++";
				CLANG_ENABLE_MODULES = YES;
				CLANG_ENABLE_OBJC_ARC = YES;
				CLANG_ENABLE_OBJC_WEAK = YES;
				CLANG_WARN_BLOCK_CAPTURE_AUTORELEASING = YES;
				CLANG_WARN_BOOL_CONVERSION = YES;
				CLANG_WARN_COMMA = YES;
				CLANG_WARN_CONSTANT_CONVERSION = YES;
				CLANG_WARN_DEPRECATED_OBJC_IMPLEMENTATIONS = YES;
				CLANG_WARN_DIRECT_OBJC_ISA_USAGE = YES_ERROR;
				CLANG_WARN_DOCUMENTATION_COMMENTS = YES;
				CLANG_WARN_EMPTY_BODY = YES;
				CLANG_WARN_ENUM_CONVERSION = YES;
				CLANG_WARN_INFINITE_RECURSION = YES;
				CLANG_WARN_INT_CONVERSION = YES;
				CLANG_WARN_NON_LITERAL_NULL_CONVERSION = YES;
				CLANG_WARN_OBJC_IMPLICIT_RETAIN_SELF = YES;
				CLANG_WARN_OBJC_LITERAL_CONVERSION = YES;
				CLANG_WARN_OBJC_ROOT_CLASS = YES_ERROR;
				CLANG_WARN_RANGE_LOOP_ANALYSIS = YES;
				CLANG_WARN_STRICT_PROTOTYPES = YES;
				CLANG_WARN_SUSPICIOUS_MOVE = YES;
				CLANG_WARN_UNGUARDED_AVAILABILITY = YES_AGGRESSIVE;
				CLANG_WARN_UNREACHABLE_CODE = YES;
				CLANG_WARN__DUPLICATE_METHOD_MATCH = YES;
				COPY_PHASE_STRIP = NO;
				DEBUG_INFORMATION_FORMAT = dwarf;
				ENABLE_STRICT_OBJC_MSGSEND = YES;
				ENABLE_TESTABILITY = YES;
				GCC_C_LANGUAGE_STANDARD = gnu11;
				GCC_DYNAMIC_NO_PIC = NO;
				GCC_NO_COMMON_BLOCKS = YES;
				GCC_OPTIMIZATION_LEVEL = 0;
				GCC_PREPROCESSOR_DEFINITIONS = (
					"DEBUG=1",
					"$(inherited)",
				);
				GCC_WARN_64_TO_32_BIT_CONVERSION = YES;
				GCC_WARN_ABOUT_RETURN_TYPE = YES_ERROR;
				GCC_WARN_UNDECLARED_SELECTOR = YES;
				GCC_WARN_UNINITIALIZED_AUTOS = YES_AGGRESSIVE;
				GCC_WARN_UNUSED_FUNCTION = YES;
				GCC_WARN_UNUSED_VARIABLE = YES;
				IPHONEOS_DEPLOYMENT_TARGET = 13.2;
				MTL_ENABLE_DEBUG_INFO = INCLUDE_SOURCE;
				MTL_FAST_MATH = YES;
				ONLY_ACTIVE_ARCH = YES;
				SDKROOT = iphoneos;
				SWIFT_ACTIVE_COMPILATION_CONDITIONS = DEBUG;
				SWIFT_OPTIMIZATION_LEVEL = "-Onone";
			};
			name = Debug;
		};
		9191157D238E526F00503645 /* Release */ = {
			isa = XCBuildConfiguration;
			buildSettings = {
				ALWAYS_SEARCH_USER_PATHS = NO;
				CLANG_ANALYZER_NONNULL = YES;
				CLANG_ANALYZER_NUMBER_OBJECT_CONVERSION = YES_AGGRESSIVE;
				CLANG_CXX_LANGUAGE_STANDARD = "gnu++14";
				CLANG_CXX_LIBRARY = "libc++";
				CLANG_ENABLE_MODULES = YES;
				CLANG_ENABLE_OBJC_ARC = YES;
				CLANG_ENABLE_OBJC_WEAK = YES;
				CLANG_WARN_BLOCK_CAPTURE_AUTORELEASING = YES;
				CLANG_WARN_BOOL_CONVERSION = YES;
				CLANG_WARN_COMMA = YES;
				CLANG_WARN_CONSTANT_CONVERSION = YES;
				CLANG_WARN_DEPRECATED_OBJC_IMPLEMENTATIONS = YES;
				CLANG_WARN_DIRECT_OBJC_ISA_USAGE = YES_ERROR;
				CLANG_WARN_DOCUMENTATION_COMMENTS = YES;
				CLANG_WARN_EMPTY_BODY = YES;
				CLANG_WARN_ENUM_CONVERSION = YES;
				CLANG_WARN_INFINITE_RECURSION = YES;
				CLANG_WARN_INT_CONVERSION = YES;
				CLANG_WARN_NON_LITERAL_NULL_CONVERSION = YES;
				CLANG_WARN_OBJC_IMPLICIT_RETAIN_SELF = YES;
				CLANG_WARN_OBJC_LITERAL_CONVERSION = YES;
				CLANG_WARN_OBJC_ROOT_CLASS = YES_ERROR;
				CLANG_WARN_RANGE_LOOP_ANALYSIS = YES;
				CLANG_WARN_STRICT_PROTOTYPES = YES;
				CLANG_WARN_SUSPICIOUS_MOVE = YES;
				CLANG_WARN_UNGUARDED_AVAILABILITY = YES_AGGRESSIVE;
				CLANG_WARN_UNREACHABLE_CODE = YES;
				CLANG_WARN__DUPLICATE_METHOD_MATCH = YES;
				COPY_PHASE_STRIP = NO;
				DEBUG_INFORMATION_FORMAT = "dwarf-with-dsym";
				ENABLE_NS_ASSERTIONS = NO;
				ENABLE_STRICT_OBJC_MSGSEND = YES;
				GCC_C_LANGUAGE_STANDARD = gnu11;
				GCC_NO_COMMON_BLOCKS = YES;
				GCC_WARN_64_TO_32_BIT_CONVERSION = YES;
				GCC_WARN_ABOUT_RETURN_TYPE = YES_ERROR;
				GCC_WARN_UNDECLARED_SELECTOR = YES;
				GCC_WARN_UNINITIALIZED_AUTOS = YES_AGGRESSIVE;
				GCC_WARN_UNUSED_FUNCTION = YES;
				GCC_WARN_UNUSED_VARIABLE = YES;
				IPHONEOS_DEPLOYMENT_TARGET = 13.2;
				MTL_ENABLE_DEBUG_INFO = NO;
				MTL_FAST_MATH = YES;
				SDKROOT = iphoneos;
				SWIFT_COMPILATION_MODE = wholemodule;
				SWIFT_OPTIMIZATION_LEVEL = "-O";
				VALIDATE_PRODUCT = YES;
			};
			name = Release;
		};
		9191157F238E526F00503645 /* Debug */ = {
			isa = XCBuildConfiguration;
			buildSettings = {
				ASSETCATALOG_COMPILER_APPICON_NAME = AppIcon;
				CODE_SIGN_STYLE = Automatic;
				DEVELOPMENT_TEAM = 226YH5AK6L;
				INFOPLIST_FILE = SwiftMediator/Info.plist;
				IPHONEOS_DEPLOYMENT_TARGET = 11.0;
				LD_RUNPATH_SEARCH_PATHS = (
					"$(inherited)",
					"@executable_path/Frameworks",
				);
				PRODUCT_BUNDLE_IDENTIFIER = com.hu.SwiftMediator;
				PRODUCT_NAME = "$(TARGET_NAME)";
				SWIFT_VERSION = 5.0;
				TARGETED_DEVICE_FAMILY = "1,2";
			};
			name = Debug;
		};
		91911580238E526F00503645 /* Release */ = {
			isa = XCBuildConfiguration;
			buildSettings = {
				ASSETCATALOG_COMPILER_APPICON_NAME = AppIcon;
				CODE_SIGN_STYLE = Automatic;
				DEVELOPMENT_TEAM = 226YH5AK6L;
				INFOPLIST_FILE = SwiftMediator/Info.plist;
				IPHONEOS_DEPLOYMENT_TARGET = 11.0;
				LD_RUNPATH_SEARCH_PATHS = (
					"$(inherited)",
					"@executable_path/Frameworks",
				);
				PRODUCT_BUNDLE_IDENTIFIER = com.hu.SwiftMediator;
				PRODUCT_NAME = "$(TARGET_NAME)";
				SWIFT_VERSION = 5.0;
				TARGETED_DEVICE_FAMILY = "1,2";
			};
			name = Release;
		};
/* End XCBuildConfiguration section */

/* Begin XCConfigurationList section */
		91911565238E526C00503645 /* Build configuration list for PBXProject "SwiftMediator" */ = {
			isa = XCConfigurationList;
			buildConfigurations = (
				9191157C238E526F00503645 /* Debug */,
				9191157D238E526F00503645 /* Release */,
			);
			defaultConfigurationIsVisible = 0;
			defaultConfigurationName = Release;
		};
		9191157E238E526F00503645 /* Build configuration list for PBXNativeTarget "SwiftMediator" */ = {
			isa = XCConfigurationList;
			buildConfigurations = (
				9191157F238E526F00503645 /* Debug */,
				91911580238E526F00503645 /* Release */,
			);
			defaultConfigurationIsVisible = 0;
			defaultConfigurationName = Release;
		};
/* End XCConfigurationList section */

/* Begin XCRemoteSwiftPackageReference section */
		815E1C89273B7FDC009E81CF /* XCRemoteSwiftPackageReference "SnapKit" */ = {
			isa = XCRemoteSwiftPackageReference;
			repositoryURL = "https://github.com/SnapKit/SnapKit";
			requirement = {
				kind = upToNextMajorVersion;
				minimumVersion = 5.0.0;
			};
		};
		815E1C8C273B8007009E81CF /* XCRemoteSwiftPackageReference "SwiftyForm" */ = {
			isa = XCRemoteSwiftPackageReference;
			repositoryURL = "https://github.com/jackiehu/SwiftyForm";
			requirement = {
				kind = upToNextMajorVersion;
				minimumVersion = 1.0.0;
			};
		};
		815E1C8F273B8027009E81CF /* XCRemoteSwiftPackageReference "SwiftBrick" */ = {
			isa = XCRemoteSwiftPackageReference;
			repositoryURL = "https://github.com/jackiehu/SwiftBrick";
			requirement = {
				kind = upToNextMajorVersion;
				minimumVersion = 1.0.0;
			};
		};
		815E1C92273B8048009E81CF /* XCRemoteSwiftPackageReference "SwiftButton" */ = {
			isa = XCRemoteSwiftPackageReference;
			repositoryURL = "https://github.com/jackiehu/SwiftButton";
			requirement = {
				kind = upToNextMajorVersion;
				minimumVersion = 1.0.0;
			};
		};
		815E1C95273B80DC009E81CF /* XCRemoteSwiftPackageReference "SwiftShow" */ = {
			isa = XCRemoteSwiftPackageReference;
			repositoryURL = "https://github.com/jackiehu/SwiftShow";
			requirement = {
				kind = upToNextMajorVersion;
				minimumVersion = 0.7.0;
			};
		};
/* End XCRemoteSwiftPackageReference section */

/* Begin XCSwiftPackageProductDependency section */
		815E1C8A273B7FDC009E81CF /* SnapKit */ = {
			isa = XCSwiftPackageProductDependency;
			package = 815E1C89273B7FDC009E81CF /* XCRemoteSwiftPackageReference "SnapKit" */;
			productName = SnapKit;
		};
		815E1C8D273B8007009E81CF /* SwiftyForm */ = {
			isa = XCSwiftPackageProductDependency;
			package = 815E1C8C273B8007009E81CF /* XCRemoteSwiftPackageReference "SwiftyForm" */;
			productName = SwiftyForm;
		};
		815E1C90273B8027009E81CF /* SwiftBrick */ = {
			isa = XCSwiftPackageProductDependency;
			package = 815E1C8F273B8027009E81CF /* XCRemoteSwiftPackageReference "SwiftBrick" */;
			productName = SwiftBrick;
		};
		815E1C93273B8048009E81CF /* SwiftButton */ = {
			isa = XCSwiftPackageProductDependency;
			package = 815E1C92273B8048009E81CF /* XCRemoteSwiftPackageReference "SwiftButton" */;
			productName = SwiftButton;
		};
		815E1C96273B80DC009E81CF /* SwiftShow */ = {
			isa = XCSwiftPackageProductDependency;
			package = 815E1C95273B80DC009E81CF /* XCRemoteSwiftPackageReference "SwiftShow" */;
			productName = SwiftShow;
		};
/* End XCSwiftPackageProductDependency section */
	};
	rootObject = 91911562238E526C00503645 /* Project object */;
}
